
Microsoft Visual Studio Solution File, Format Version 12.00
# Visual Studio Version 17
VisualStudioVersion = 17.0.31612.314
MinimumVisualStudioVersion = 10.0.40219.1
Project("{FAE04EC0-301F-11D3-BF4B-00C04F79EFBC}") = "Centipede", "Centipede\Centipede.csproj", "{C8F3DA5F-7043-46AF-B61D-0B28307F7683}"
EndProject
Global
	GlobalSection(SolutionConfigurationPlatforms) = preSolution
		Debug|Any CPU = Debug|Any CPU
		Release|Any CPU = Release|Any CPU
	EndGlobalSection
	GlobalSection(ProjectConfigurationPlatforms) = postSolution
		{C8F3DA5F-7043-46AF-B61D-0B28307F7683}.Debug|Any CPU.ActiveCfg = Debug|Any CPU
		{C8F3DA5F-7043-46AF-B61D-0B28307F7683}.Debug|Any CPU.Build.0 = Debug|Any CPU
		{C8F3DA5F-7043-46AF-B61D-0B28307F7683}.Release|Any CPU.ActiveCfg = Release|Any CPU
		{C8F3DA5F-7043-46AF-B61D-0B28307F7683}.Release|Any CPU.Build.0 = Release|Any CPU
	EndGlobalSection
	GlobalSection(SolutionProperties) = preSolution
		HideSolutionNode = FALSE
	EndGlobalSection
	GlobalSection(ExtensibilityGlobals) = postSolution
		SolutionGuid = {98CC0547-840C-4641-9EAE-35B7E3C3F1C6}
	EndGlobalSection
EndGlobal
